// !$*UTF8*$!
{
	archiveVersion = 1;
	classes = {
	};
	objectVersion = 56;
	objects = {

/* Begin PBXBuildFile section */
		09A619162A18C3E6002ACE3B /* TrackView.swift in Sources */ = {isa = PBXBuildFile; fileRef = 09A619152A18C3E6002ACE3B /* TrackView.swift */; };
		0C78E7432A1B6924004D963F /* Profile.swift in Sources */ = {isa = PBXBuildFile; fileRef = 0C78E7422A1B6924004D963F /* Profile.swift */; };
		3AED06232A0F2C3200FAF7DA /* RequestView.swift in Sources */ = {isa = PBXBuildFile; fileRef = 3AED06222A0F2C3200FAF7DA /* RequestView.swift */; };
		3AED06252A0F3A9700FAF7DA /* ConfirmationView.swift in Sources */ = {isa = PBXBuildFile; fileRef = 3AED06242A0F3A9700FAF7DA /* ConfirmationView.swift */; };
		3AED06272A0F52A500FAF7DA /* ConfirmedView.swift in Sources */ = {isa = PBXBuildFile; fileRef = 3AED06262A0F52A500FAF7DA /* ConfirmedView.swift */; };
		9B4C80BE2A0E174000CE81BA /* GoogleSignInHelper.swift in Sources */ = {isa = PBXBuildFile; fileRef = 9B4C80BD2A0E174000CE81BA /* GoogleSignInHelper.swift */; };
		9B4C80C02A0E18FC00CE81BA /* ViewUtils.swift in Sources */ = {isa = PBXBuildFile; fileRef = 9B4C80BF2A0E18FC00CE81BA /* ViewUtils.swift */; };
		9B5271892A0D090600043141 /* GoogleService-Info.plist in Resources */ = {isa = PBXBuildFile; fileRef = 9B5271882A0D090600043141 /* GoogleService-Info.plist */; };
		9B52718C2A0D09C500043141 /* FirebaseAnalytics in Frameworks */ = {isa = PBXBuildFile; productRef = 9B52718B2A0D09C500043141 /* FirebaseAnalytics */; };
		9B52718E2A0D09C500043141 /* FirebaseAnalyticsSwift in Frameworks */ = {isa = PBXBuildFile; productRef = 9B52718D2A0D09C500043141 /* FirebaseAnalyticsSwift */; };
		9B5271912A0DC8D700043141 /* FirebaseAuth in Frameworks */ = {isa = PBXBuildFile; productRef = 9B5271902A0DC8D700043141 /* FirebaseAuth */; };
		9B5271962A0DC97A00043141 /* AuthenticationView.swift in Sources */ = {isa = PBXBuildFile; fileRef = 9B5271952A0DC97A00043141 /* AuthenticationView.swift */; };
		9B5271982A0DCBA100043141 /* EmailSignInView.swift in Sources */ = {isa = PBXBuildFile; fileRef = 9B5271972A0DCBA100043141 /* EmailSignInView.swift */; };
		9B52719B2A0DCC7100043141 /* ColorUtils.swift in Sources */ = {isa = PBXBuildFile; fileRef = 9B52719A2A0DCC7100043141 /* ColorUtils.swift */; };
		9B52719D2A0DCE5C00043141 /* ViewModifierUtils.swift in Sources */ = {isa = PBXBuildFile; fileRef = 9B52719C2A0DCE5C00043141 /* ViewModifierUtils.swift */; };
		9B52719F2A0DCFE900043141 /* AuthenticationManager.swift in Sources */ = {isa = PBXBuildFile; fileRef = 9B52719E2A0DCFE900043141 /* AuthenticationManager.swift */; };
		9B5271A12A0DDB5500043141 /* InitialView.swift in Sources */ = {isa = PBXBuildFile; fileRef = 9B5271A02A0DDB5500043141 /* InitialView.swift */; };
		9B5271A42A0DDE2F00043141 /* MainMenuView.swift in Sources */ = {isa = PBXBuildFile; fileRef = 9B5271A32A0DDE2F00043141 /* MainMenuView.swift */; };
		9B5271A92A0E015D00043141 /* EmailAuthenticationHandler.swift in Sources */ = {isa = PBXBuildFile; fileRef = 9B5271A82A0E015D00043141 /* EmailAuthenticationHandler.swift */; };
		9B5271AB2A0E05B900043141 /* EmailSignUpView.swift in Sources */ = {isa = PBXBuildFile; fileRef = 9B5271AA2A0E05B900043141 /* EmailSignUpView.swift */; };
		9B843C212A1753B70002CDBE /* UserManager.swift in Sources */ = {isa = PBXBuildFile; fileRef = 9B843C202A1753B70002CDBE /* UserManager.swift */; };
		9B843C232A1756D70002CDBE /* AuthenticationViewModel.swift in Sources */ = {isa = PBXBuildFile; fileRef = 9B843C222A1756D70002CDBE /* AuthenticationViewModel.swift */; };
		9BA63AF42A0A184200CE3AA8 /* Assignment3App.swift in Sources */ = {isa = PBXBuildFile; fileRef = 9BA63AF32A0A184200CE3AA8 /* Assignment3App.swift */; };
		9BA63AF82A0A184300CE3AA8 /* Assets.xcassets in Resources */ = {isa = PBXBuildFile; fileRef = 9BA63AF72A0A184300CE3AA8 /* Assets.xcassets */; };
		9BA63AFB2A0A184300CE3AA8 /* Preview Assets.xcassets in Resources */ = {isa = PBXBuildFile; fileRef = 9BA63AFA2A0A184300CE3AA8 /* Preview Assets.xcassets */; };
		9BA63B032A0A35A600CE3AA8 /* GoogleSignIn in Frameworks */ = {isa = PBXBuildFile; productRef = 9BA63B022A0A35A600CE3AA8 /* GoogleSignIn */; };
		9BA63B052A0A35A600CE3AA8 /* GoogleSignInSwift in Frameworks */ = {isa = PBXBuildFile; productRef = 9BA63B042A0A35A600CE3AA8 /* GoogleSignInSwift */; };
		9BAF45182A0FACB4005C864B /* FirebaseFirestore in Frameworks */ = {isa = PBXBuildFile; productRef = 9BAF45172A0FACB4005C864B /* FirebaseFirestore */; };
		9BAF451A2A0FACB4005C864B /* FirebaseFirestoreSwift in Frameworks */ = {isa = PBXBuildFile; productRef = 9BAF45192A0FACB4005C864B /* FirebaseFirestoreSwift */; };
		9BAF451F2A0FAE52005C864B /* ProfileView.swift in Sources */ = {isa = PBXBuildFile; fileRef = 9BAF451E2A0FAE52005C864B /* ProfileView.swift */; };
		9BAF45212A0FAF9F005C864B /* ProfileModel.swift in Sources */ = {isa = PBXBuildFile; fileRef = 9BAF45202A0FAF9F005C864B /* ProfileModel.swift */; };
		9BC24CD52A0F2C1800DC61F3 /* SplitView.swift in Sources */ = {isa = PBXBuildFile; fileRef = 9BC24CD42A0F2C1800DC61F3 /* SplitView.swift */; };
		9BC24CD72A0F37E300DC61F3 /* Friends.swift in Sources */ = {isa = PBXBuildFile; fileRef = 9BC24CD62A0F37E300DC61F3 /* Friends.swift */; };
		9BC24CDA2A0F38B300DC61F3 /* Fakery in Frameworks */ = {isa = PBXBuildFile; productRef = 9BC24CD92A0F38B300DC61F3 /* Fakery */; };
		9BC24CDC2A0F499700DC61F3 /* FriendScrollView.swift in Sources */ = {isa = PBXBuildFile; fileRef = 9BC24CDB2A0F499700DC61F3 /* FriendScrollView.swift */; };
		C612616F2A0F2C1D00E083EA /* SendMoneyView.swift in Sources */ = {isa = PBXBuildFile; fileRef = C612616E2A0F2C1D00E083EA /* SendMoneyView.swift */; };
		C61261712A0F457E00E083EA /* SendMoneyNumberPad.swift in Sources */ = {isa = PBXBuildFile; fileRef = C61261702A0F457E00E083EA /* SendMoneyNumberPad.swift */; };
		C692258F2A19FB0900644D70 /* CurrencyUITextField.swift in Sources */ = {isa = PBXBuildFile; fileRef = C692258E2A19FB0900644D70 /* CurrencyUITextField.swift */; };
		C69225912A19FB5400644D70 /* CurrencyTextField.swift in Sources */ = {isa = PBXBuildFile; fileRef = C69225902A19FB5400644D70 /* CurrencyTextField.swift */; };
/* End PBXBuildFile section */

/* Begin PBXFileReference section */
		09A619152A18C3E6002ACE3B /* TrackView.swift */ = {isa = PBXFileReference; lastKnownFileType = sourcecode.swift; path = TrackView.swift; sourceTree = "<group>"; };
		0C78E7422A1B6924004D963F /* Profile.swift */ = {isa = PBXFileReference; lastKnownFileType = sourcecode.swift; path = Profile.swift; sourceTree = "<group>"; };
		3AED06222A0F2C3200FAF7DA /* RequestView.swift */ = {isa = PBXFileReference; lastKnownFileType = sourcecode.swift; path = RequestView.swift; sourceTree = "<group>"; };
		3AED06242A0F3A9700FAF7DA /* ConfirmationView.swift */ = {isa = PBXFileReference; lastKnownFileType = sourcecode.swift; path = ConfirmationView.swift; sourceTree = "<group>"; };
		3AED06262A0F52A500FAF7DA /* ConfirmedView.swift */ = {isa = PBXFileReference; lastKnownFileType = sourcecode.swift; path = ConfirmedView.swift; sourceTree = "<group>"; };
		9B4C80BC2A0E13F500CE81BA /* Info.plist */ = {isa = PBXFileReference; lastKnownFileType = text.plist; path = Info.plist; sourceTree = "<group>"; };
		9B4C80BD2A0E174000CE81BA /* GoogleSignInHelper.swift */ = {isa = PBXFileReference; lastKnownFileType = sourcecode.swift; path = GoogleSignInHelper.swift; sourceTree = "<group>"; };
		9B4C80BF2A0E18FC00CE81BA /* ViewUtils.swift */ = {isa = PBXFileReference; lastKnownFileType = sourcecode.swift; path = ViewUtils.swift; sourceTree = "<group>"; };
		9B5271882A0D090600043141 /* GoogleService-Info.plist */ = {isa = PBXFileReference; fileEncoding = 4; lastKnownFileType = text.plist.xml; path = "GoogleService-Info.plist"; sourceTree = "<group>"; };
		9B5271952A0DC97A00043141 /* AuthenticationView.swift */ = {isa = PBXFileReference; lastKnownFileType = sourcecode.swift; path = AuthenticationView.swift; sourceTree = "<group>"; };
		9B5271972A0DCBA100043141 /* EmailSignInView.swift */ = {isa = PBXFileReference; lastKnownFileType = sourcecode.swift; path = EmailSignInView.swift; sourceTree = "<group>"; };
		9B52719A2A0DCC7100043141 /* ColorUtils.swift */ = {isa = PBXFileReference; lastKnownFileType = sourcecode.swift; path = ColorUtils.swift; sourceTree = "<group>"; };
		9B52719C2A0DCE5C00043141 /* ViewModifierUtils.swift */ = {isa = PBXFileReference; lastKnownFileType = sourcecode.swift; path = ViewModifierUtils.swift; sourceTree = "<group>"; };
		9B52719E2A0DCFE900043141 /* AuthenticationManager.swift */ = {isa = PBXFileReference; lastKnownFileType = sourcecode.swift; path = AuthenticationManager.swift; sourceTree = "<group>"; };
		9B5271A02A0DDB5500043141 /* InitialView.swift */ = {isa = PBXFileReference; lastKnownFileType = sourcecode.swift; path = InitialView.swift; sourceTree = "<group>"; };
		9B5271A32A0DDE2F00043141 /* MainMenuView.swift */ = {isa = PBXFileReference; lastKnownFileType = sourcecode.swift; path = MainMenuView.swift; sourceTree = "<group>"; };
		9B5271A82A0E015D00043141 /* EmailAuthenticationHandler.swift */ = {isa = PBXFileReference; lastKnownFileType = sourcecode.swift; path = EmailAuthenticationHandler.swift; sourceTree = "<group>"; };
		9B5271AA2A0E05B900043141 /* EmailSignUpView.swift */ = {isa = PBXFileReference; lastKnownFileType = sourcecode.swift; path = EmailSignUpView.swift; sourceTree = "<group>"; };
		9B843C202A1753B70002CDBE /* UserManager.swift */ = {isa = PBXFileReference; lastKnownFileType = sourcecode.swift; path = UserManager.swift; sourceTree = "<group>"; };
		9B843C222A1756D70002CDBE /* AuthenticationViewModel.swift */ = {isa = PBXFileReference; lastKnownFileType = sourcecode.swift; path = AuthenticationViewModel.swift; sourceTree = "<group>"; };
		9BA63AF02A0A184200CE3AA8 /* Split Mate.app */ = {isa = PBXFileReference; explicitFileType = wrapper.application; includeInIndex = 0; path = "Split Mate.app"; sourceTree = BUILT_PRODUCTS_DIR; };
		9BA63AF32A0A184200CE3AA8 /* Assignment3App.swift */ = {isa = PBXFileReference; lastKnownFileType = sourcecode.swift; path = Assignment3App.swift; sourceTree = "<group>"; };
		9BA63AF72A0A184300CE3AA8 /* Assets.xcassets */ = {isa = PBXFileReference; lastKnownFileType = folder.assetcatalog; path = Assets.xcassets; sourceTree = "<group>"; };
		9BA63AFA2A0A184300CE3AA8 /* Preview Assets.xcassets */ = {isa = PBXFileReference; lastKnownFileType = folder.assetcatalog; path = "Preview Assets.xcassets"; sourceTree = "<group>"; };
		9BAF451E2A0FAE52005C864B /* ProfileView.swift */ = {isa = PBXFileReference; lastKnownFileType = sourcecode.swift; path = ProfileView.swift; sourceTree = "<group>"; };
		9BAF45202A0FAF9F005C864B /* ProfileModel.swift */ = {isa = PBXFileReference; lastKnownFileType = sourcecode.swift; path = ProfileModel.swift; sourceTree = "<group>"; };
		9BC24CD42A0F2C1800DC61F3 /* SplitView.swift */ = {isa = PBXFileReference; lastKnownFileType = sourcecode.swift; path = SplitView.swift; sourceTree = "<group>"; };
		9BC24CD62A0F37E300DC61F3 /* Friends.swift */ = {isa = PBXFileReference; lastKnownFileType = sourcecode.swift; path = Friends.swift; sourceTree = "<group>"; };
		9BC24CDB2A0F499700DC61F3 /* FriendScrollView.swift */ = {isa = PBXFileReference; lastKnownFileType = sourcecode.swift; path = FriendScrollView.swift; sourceTree = "<group>"; };
		C612616E2A0F2C1D00E083EA /* SendMoneyView.swift */ = {isa = PBXFileReference; lastKnownFileType = sourcecode.swift; path = SendMoneyView.swift; sourceTree = "<group>"; };
		C61261702A0F457E00E083EA /* SendMoneyNumberPad.swift */ = {isa = PBXFileReference; lastKnownFileType = sourcecode.swift; path = SendMoneyNumberPad.swift; sourceTree = "<group>"; };
		C692258E2A19FB0900644D70 /* CurrencyUITextField.swift */ = {isa = PBXFileReference; lastKnownFileType = sourcecode.swift; path = CurrencyUITextField.swift; sourceTree = "<group>"; };
		C69225902A19FB5400644D70 /* CurrencyTextField.swift */ = {isa = PBXFileReference; lastKnownFileType = sourcecode.swift; path = CurrencyTextField.swift; sourceTree = "<group>"; };
/* End PBXFileReference section */

/* Begin PBXFrameworksBuildPhase section */
		9BA63AED2A0A184200CE3AA8 /* Frameworks */ = {
			isa = PBXFrameworksBuildPhase;
			buildActionMask = 2147483647;
			files = (
				9B52718E2A0D09C500043141 /* FirebaseAnalyticsSwift in Frameworks */,
				9B5271912A0DC8D700043141 /* FirebaseAuth in Frameworks */,
				9BC24CDA2A0F38B300DC61F3 /* Fakery in Frameworks */,
				9BA63B032A0A35A600CE3AA8 /* GoogleSignIn in Frameworks */,
				9BA63B052A0A35A600CE3AA8 /* GoogleSignInSwift in Frameworks */,
				9B52718C2A0D09C500043141 /* FirebaseAnalytics in Frameworks */,
				9BAF45182A0FACB4005C864B /* FirebaseFirestore in Frameworks */,
				9BAF451A2A0FACB4005C864B /* FirebaseFirestoreSwift in Frameworks */,
			);
			runOnlyForDeploymentPostprocessing = 0;
		};
/* End PBXFrameworksBuildPhase section */

/* Begin PBXGroup section */
		9B52718F2A0DC8D700043141 /* Frameworks */ = {
			isa = PBXGroup;
			children = (
			);
			name = Frameworks;
			sourceTree = "<group>";
		};
		9B5271992A0DCC5D00043141 /* Utils */ = {
			isa = PBXGroup;
			children = (
				9B52719A2A0DCC7100043141 /* ColorUtils.swift */,
				9B52719C2A0DCE5C00043141 /* ViewModifierUtils.swift */,
				9B4C80BF2A0E18FC00CE81BA /* ViewUtils.swift */,
				C692258E2A19FB0900644D70 /* CurrencyUITextField.swift */,
				C69225902A19FB5400644D70 /* CurrencyTextField.swift */,
			);
			path = Utils;
			sourceTree = "<group>";
		};
		9B5271A22A0DDE1800043141 /* View */ = {
			isa = PBXGroup;
			children = (
				9BAF451C2A0FAD4D005C864B /* Helper */,
				9BAF451B2A0FAD37005C864B /* Core */,
				9B5271AC2A0E080B00043141 /* Authentication */,
				C612616E2A0F2C1D00E083EA /* SendMoneyView.swift */,
				C61261702A0F457E00E083EA /* SendMoneyNumberPad.swift */,
				09A619152A18C3E6002ACE3B /* TrackView.swift */,
				3AED06222A0F2C3200FAF7DA /* RequestView.swift */,
				3AED06242A0F3A9700FAF7DA /* ConfirmationView.swift */,
				9BC24CD42A0F2C1800DC61F3 /* SplitView.swift */,
				3AED06262A0F52A500FAF7DA /* ConfirmedView.swift */,
				9BAF451E2A0FAE52005C864B /* ProfileView.swift */,
			);
			path = View;
			sourceTree = "<group>";
		};
		9B5271A52A0DDF5C00043141 /* Model */ = {
			isa = PBXGroup;
			children = (
				9B843C1F2A1753860002CDBE /* Firestore */,
				9BAF451D2A0FAD68005C864B /* Authentication */,
				9BC24CD62A0F37E300DC61F3 /* Friends.swift */,
				0C78E7422A1B6924004D963F /* Profile.swift */,
				9BAF45202A0FAF9F005C864B /* ProfileModel.swift */,
			);
			path = Model;
			sourceTree = "<group>";
		};
		9B5271AC2A0E080B00043141 /* Authentication */ = {
			isa = PBXGroup;
			children = (
				9B5271952A0DC97A00043141 /* AuthenticationView.swift */,
				9B5271972A0DCBA100043141 /* EmailSignInView.swift */,
				9B5271AA2A0E05B900043141 /* EmailSignUpView.swift */,
			);
			path = Authentication;
			sourceTree = "<group>";
		};
		9B843C1F2A1753860002CDBE /* Firestore */ = {
			isa = PBXGroup;
			children = (
				9B843C202A1753B70002CDBE /* UserManager.swift */,
			);
			path = Firestore;
			sourceTree = "<group>";
		};
		9BA63AE72A0A184200CE3AA8 = {
			isa = PBXGroup;
			children = (
				9BA63AF22A0A184200CE3AA8 /* Assignment3 */,
				9BA63AF12A0A184200CE3AA8 /* Products */,
				9B52718F2A0DC8D700043141 /* Frameworks */,
			);
			sourceTree = "<group>";
		};
		9BA63AF12A0A184200CE3AA8 /* Products */ = {
			isa = PBXGroup;
			children = (
				9BA63AF02A0A184200CE3AA8 /* Split Mate.app */,
			);
			name = Products;
			sourceTree = "<group>";
		};
		9BA63AF22A0A184200CE3AA8 /* Assignment3 */ = {
			isa = PBXGroup;
			children = (
				9B4C80BC2A0E13F500CE81BA /* Info.plist */,
				9B5271A52A0DDF5C00043141 /* Model */,
				9B5271A22A0DDE1800043141 /* View */,
				9B5271992A0DCC5D00043141 /* Utils */,
				9BA63AF32A0A184200CE3AA8 /* Assignment3App.swift */,
				9B5271882A0D090600043141 /* GoogleService-Info.plist */,
				9BA63AF72A0A184300CE3AA8 /* Assets.xcassets */,
				9BA63AF92A0A184300CE3AA8 /* Preview Content */,
			);
			path = Assignment3;
			sourceTree = "<group>";
		};
		9BA63AF92A0A184300CE3AA8 /* Preview Content */ = {
			isa = PBXGroup;
			children = (
				9BA63AFA2A0A184300CE3AA8 /* Preview Assets.xcassets */,
			);
			path = "Preview Content";
			sourceTree = "<group>";
		};
		9BAF451B2A0FAD37005C864B /* Core */ = {
			isa = PBXGroup;
			children = (
				9B5271A02A0DDB5500043141 /* InitialView.swift */,
				9B5271A32A0DDE2F00043141 /* MainMenuView.swift */,
			);
			path = Core;
			sourceTree = "<group>";
		};
		9BAF451C2A0FAD4D005C864B /* Helper */ = {
			isa = PBXGroup;
			children = (
				9BC24CDB2A0F499700DC61F3 /* FriendScrollView.swift */,
			);
			path = Helper;
			sourceTree = "<group>";
		};
		9BAF451D2A0FAD68005C864B /* Authentication */ = {
			isa = PBXGroup;
			children = (
				9B52719E2A0DCFE900043141 /* AuthenticationManager.swift */,
				9B5271A82A0E015D00043141 /* EmailAuthenticationHandler.swift */,
				9B4C80BD2A0E174000CE81BA /* GoogleSignInHelper.swift */,
				9B843C222A1756D70002CDBE /* AuthenticationViewModel.swift */,
			);
			path = Authentication;
			sourceTree = "<group>";
		};
/* End PBXGroup section */

/* Begin PBXNativeTarget section */
		9BA63AEF2A0A184200CE3AA8 /* Split Mate */ = {
			isa = PBXNativeTarget;
			buildConfigurationList = 9BA63AFE2A0A184300CE3AA8 /* Build configuration list for PBXNativeTarget "Split Mate" */;
			buildPhases = (
				9BA63AEC2A0A184200CE3AA8 /* Sources */,
				9BA63AED2A0A184200CE3AA8 /* Frameworks */,
				9BA63AEE2A0A184200CE3AA8 /* Resources */,
			);
			buildRules = (
			);
			dependencies = (
			);
			name = "Split Mate";
			packageProductDependencies = (
				9BA63B022A0A35A600CE3AA8 /* GoogleSignIn */,
				9BA63B042A0A35A600CE3AA8 /* GoogleSignInSwift */,
				9B52718B2A0D09C500043141 /* FirebaseAnalytics */,
				9B52718D2A0D09C500043141 /* FirebaseAnalyticsSwift */,
				9B5271902A0DC8D700043141 /* FirebaseAuth */,
				9BC24CD92A0F38B300DC61F3 /* Fakery */,
				9BAF45172A0FACB4005C864B /* FirebaseFirestore */,
				9BAF45192A0FACB4005C864B /* FirebaseFirestoreSwift */,
			);
			productName = Assignment3;
			productReference = 9BA63AF02A0A184200CE3AA8 /* Split Mate.app */;
			productType = "com.apple.product-type.application";
		};
/* End PBXNativeTarget section */

/* Begin PBXProject section */
		9BA63AE82A0A184200CE3AA8 /* Project object */ = {
			isa = PBXProject;
			attributes = {
				BuildIndependentTargetsInParallel = 1;
				LastSwiftUpdateCheck = 1430;
				LastUpgradeCheck = 1430;
				TargetAttributes = {
					9BA63AEF2A0A184200CE3AA8 = {
						CreatedOnToolsVersion = 14.3;
					};
				};
			};
			buildConfigurationList = 9BA63AEB2A0A184200CE3AA8 /* Build configuration list for PBXProject "Assignment3" */;
			compatibilityVersion = "Xcode 14.0";
			developmentRegion = en;
			hasScannedForEncodings = 0;
			knownRegions = (
				en,
				Base,
			);
			mainGroup = 9BA63AE72A0A184200CE3AA8;
			packageReferences = (
				9BA63B012A0A35A500CE3AA8 /* XCRemoteSwiftPackageReference "GoogleSignIn-iOS" */,
				9B52718A2A0D09C500043141 /* XCRemoteSwiftPackageReference "firebase-ios-sdk" */,
				9BCA9ACA2A0E5F4B004A9252 /* XCRemoteSwiftPackageReference "shiny" */,
				9BC24CD82A0F38B300DC61F3 /* XCRemoteSwiftPackageReference "Fakery" */,
			);
			productRefGroup = 9BA63AF12A0A184200CE3AA8 /* Products */;
			projectDirPath = "";
			projectRoot = "";
			targets = (
				9BA63AEF2A0A184200CE3AA8 /* Split Mate */,
			);
		};
/* End PBXProject section */

/* Begin PBXResourcesBuildPhase section */
		9BA63AEE2A0A184200CE3AA8 /* Resources */ = {
			isa = PBXResourcesBuildPhase;
			buildActionMask = 2147483647;
			files = (
				9BA63AFB2A0A184300CE3AA8 /* Preview Assets.xcassets in Resources */,
				9BA63AF82A0A184300CE3AA8 /* Assets.xcassets in Resources */,
				9B5271892A0D090600043141 /* GoogleService-Info.plist in Resources */,
			);
			runOnlyForDeploymentPostprocessing = 0;
		};
/* End PBXResourcesBuildPhase section */

/* Begin PBXSourcesBuildPhase section */
		9BA63AEC2A0A184200CE3AA8 /* Sources */ = {
			isa = PBXSourcesBuildPhase;
			buildActionMask = 2147483647;
			files = (
				3AED06272A0F52A500FAF7DA /* ConfirmedView.swift in Sources */,
				0C78E7432A1B6924004D963F /* Profile.swift in Sources */,
				3AED06232A0F2C3200FAF7DA /* RequestView.swift in Sources */,
				9B5271A92A0E015D00043141 /* EmailAuthenticationHandler.swift in Sources */,
				9BAF45212A0FAF9F005C864B /* ProfileModel.swift in Sources */,
				C612616F2A0F2C1D00E083EA /* SendMoneyView.swift in Sources */,
				9BC24CD72A0F37E300DC61F3 /* Friends.swift in Sources */,
				C69225912A19FB5400644D70 /* CurrencyTextField.swift in Sources */,
				9B5271A12A0DDB5500043141 /* InitialView.swift in Sources */,
				9B843C212A1753B70002CDBE /* UserManager.swift in Sources */,
				9B4C80C02A0E18FC00CE81BA /* ViewUtils.swift in Sources */,
				9B52719D2A0DCE5C00043141 /* ViewModifierUtils.swift in Sources */,
				09A619162A18C3E6002ACE3B /* TrackView.swift in Sources */,
				9B4C80BE2A0E174000CE81BA /* GoogleSignInHelper.swift in Sources */,
				9B5271A42A0DDE2F00043141 /* MainMenuView.swift in Sources */,
				9B843C232A1756D70002CDBE /* AuthenticationViewModel.swift in Sources */,
				9BC24CD52A0F2C1800DC61F3 /* SplitView.swift in Sources */,
				9B52719B2A0DCC7100043141 /* ColorUtils.swift in Sources */,
				9BA63AF42A0A184200CE3AA8 /* Assignment3App.swift in Sources */,
				C61261712A0F457E00E083EA /* SendMoneyNumberPad.swift in Sources */,
				C692258F2A19FB0900644D70 /* CurrencyUITextField.swift in Sources */,
				3AED06252A0F3A9700FAF7DA /* ConfirmationView.swift in Sources */,
				9B5271962A0DC97A00043141 /* AuthenticationView.swift in Sources */,
				9BC24CDC2A0F499700DC61F3 /* FriendScrollView.swift in Sources */,
				9B52719F2A0DCFE900043141 /* AuthenticationManager.swift in Sources */,
				9B5271982A0DCBA100043141 /* EmailSignInView.swift in Sources */,
				9BAF451F2A0FAE52005C864B /* ProfileView.swift in Sources */,
				9B5271AB2A0E05B900043141 /* EmailSignUpView.swift in Sources */,
			);
			runOnlyForDeploymentPostprocessing = 0;
		};
/* End PBXSourcesBuildPhase section */

/* Begin XCBuildConfiguration section */
		9BA63AFC2A0A184300CE3AA8 /* Debug */ = {
			isa = XCBuildConfiguration;
			buildSettings = {
				ALWAYS_SEARCH_USER_PATHS = NO;
				CLANG_ANALYZER_NONNULL = YES;
				CLANG_ANALYZER_NUMBER_OBJECT_CONVERSION = YES_AGGRESSIVE;
				CLANG_CXX_LANGUAGE_STANDARD = "gnu++20";
				CLANG_ENABLE_MODULES = YES;
				CLANG_ENABLE_OBJC_ARC = YES;
				CLANG_ENABLE_OBJC_WEAK = YES;
				CLANG_WARN_BLOCK_CAPTURE_AUTORELEASING = YES;
				CLANG_WARN_BOOL_CONVERSION = YES;
				CLANG_WARN_COMMA = YES;
				CLANG_WARN_CONSTANT_CONVERSION = YES;
				CLANG_WARN_DEPRECATED_OBJC_IMPLEMENTATIONS = YES;
				CLANG_WARN_DIRECT_OBJC_ISA_USAGE = YES_ERROR;
				CLANG_WARN_DOCUMENTATION_COMMENTS = YES;
				CLANG_WARN_EMPTY_BODY = YES;
				CLANG_WARN_ENUM_CONVERSION = YES;
				CLANG_WARN_INFINITE_RECURSION = YES;
				CLANG_WARN_INT_CONVERSION = YES;
				CLANG_WARN_NON_LITERAL_NULL_CONVERSION = YES;
				CLANG_WARN_OBJC_IMPLICIT_RETAIN_SELF = YES;
				CLANG_WARN_OBJC_LITERAL_CONVERSION = YES;
				CLANG_WARN_OBJC_ROOT_CLASS = YES_ERROR;
				CLANG_WARN_QUOTED_INCLUDE_IN_FRAMEWORK_HEADER = YES;
				CLANG_WARN_RANGE_LOOP_ANALYSIS = YES;
				CLANG_WARN_STRICT_PROTOTYPES = YES;
				CLANG_WARN_SUSPICIOUS_MOVE = YES;
				CLANG_WARN_UNGUARDED_AVAILABILITY = YES_AGGRESSIVE;
				CLANG_WARN_UNREACHABLE_CODE = YES;
				CLANG_WARN__DUPLICATE_METHOD_MATCH = YES;
				COPY_PHASE_STRIP = NO;
				DEBUG_INFORMATION_FORMAT = dwarf;
				ENABLE_STRICT_OBJC_MSGSEND = YES;
				ENABLE_TESTABILITY = YES;
				GCC_C_LANGUAGE_STANDARD = gnu11;
				GCC_DYNAMIC_NO_PIC = NO;
				GCC_NO_COMMON_BLOCKS = YES;
				GCC_OPTIMIZATION_LEVEL = 0;
				GCC_PREPROCESSOR_DEFINITIONS = (
					"DEBUG=1",
					"$(inherited)",
				);
				GCC_WARN_64_TO_32_BIT_CONVERSION = YES;
				GCC_WARN_ABOUT_RETURN_TYPE = YES_ERROR;
				GCC_WARN_UNDECLARED_SELECTOR = YES;
				GCC_WARN_UNINITIALIZED_AUTOS = YES_AGGRESSIVE;
				GCC_WARN_UNUSED_FUNCTION = YES;
				GCC_WARN_UNUSED_VARIABLE = YES;
				IPHONEOS_DEPLOYMENT_TARGET = 16.4;
				MTL_ENABLE_DEBUG_INFO = INCLUDE_SOURCE;
				MTL_FAST_MATH = YES;
				ONLY_ACTIVE_ARCH = YES;
				SDKROOT = iphoneos;
				SWIFT_ACTIVE_COMPILATION_CONDITIONS = DEBUG;
				SWIFT_OPTIMIZATION_LEVEL = "-Onone";
			};
			name = Debug;
		};
		9BA63AFD2A0A184300CE3AA8 /* Release */ = {
			isa = XCBuildConfiguration;
			buildSettings = {
				ALWAYS_SEARCH_USER_PATHS = NO;
				CLANG_ANALYZER_NONNULL = YES;
				CLANG_ANALYZER_NUMBER_OBJECT_CONVERSION = YES_AGGRESSIVE;
				CLANG_CXX_LANGUAGE_STANDARD = "gnu++20";
				CLANG_ENABLE_MODULES = YES;
				CLANG_ENABLE_OBJC_ARC = YES;
				CLANG_ENABLE_OBJC_WEAK = YES;
				CLANG_WARN_BLOCK_CAPTURE_AUTORELEASING = YES;
				CLANG_WARN_BOOL_CONVERSION = YES;
				CLANG_WARN_COMMA = YES;
				CLANG_WARN_CONSTANT_CONVERSION = YES;
				CLANG_WARN_DEPRECATED_OBJC_IMPLEMENTATIONS = YES;
				CLANG_WARN_DIRECT_OBJC_ISA_USAGE = YES_ERROR;
				CLANG_WARN_DOCUMENTATION_COMMENTS = YES;
				CLANG_WARN_EMPTY_BODY = YES;
				CLANG_WARN_ENUM_CONVERSION = YES;
				CLANG_WARN_INFINITE_RECURSION = YES;
				CLANG_WARN_INT_CONVERSION = YES;
				CLANG_WARN_NON_LITERAL_NULL_CONVERSION = YES;
				CLANG_WARN_OBJC_IMPLICIT_RETAIN_SELF = YES;
				CLANG_WARN_OBJC_LITERAL_CONVERSION = YES;
				CLANG_WARN_OBJC_ROOT_CLASS = YES_ERROR;
				CLANG_WARN_QUOTED_INCLUDE_IN_FRAMEWORK_HEADER = YES;
				CLANG_WARN_RANGE_LOOP_ANALYSIS = YES;
				CLANG_WARN_STRICT_PROTOTYPES = YES;
				CLANG_WARN_SUSPICIOUS_MOVE = YES;
				CLANG_WARN_UNGUARDED_AVAILABILITY = YES_AGGRESSIVE;
				CLANG_WARN_UNREACHABLE_CODE = YES;
				CLANG_WARN__DUPLICATE_METHOD_MATCH = YES;
				COPY_PHASE_STRIP = NO;
				DEBUG_INFORMATION_FORMAT = "dwarf-with-dsym";
				ENABLE_NS_ASSERTIONS = NO;
				ENABLE_STRICT_OBJC_MSGSEND = YES;
				GCC_C_LANGUAGE_STANDARD = gnu11;
				GCC_NO_COMMON_BLOCKS = YES;
				GCC_WARN_64_TO_32_BIT_CONVERSION = YES;
				GCC_WARN_ABOUT_RETURN_TYPE = YES_ERROR;
				GCC_WARN_UNDECLARED_SELECTOR = YES;
				GCC_WARN_UNINITIALIZED_AUTOS = YES_AGGRESSIVE;
				GCC_WARN_UNUSED_FUNCTION = YES;
				GCC_WARN_UNUSED_VARIABLE = YES;
				IPHONEOS_DEPLOYMENT_TARGET = 16.4;
				MTL_ENABLE_DEBUG_INFO = NO;
				MTL_FAST_MATH = YES;
				SDKROOT = iphoneos;
				SWIFT_COMPILATION_MODE = wholemodule;
				SWIFT_OPTIMIZATION_LEVEL = "-O";
				VALIDATE_PRODUCT = YES;
			};
			name = Release;
		};
		9BA63AFF2A0A184300CE3AA8 /* Debug */ = {
			isa = XCBuildConfiguration;
			buildSettings = {
				ASSETCATALOG_COMPILER_APPICON_NAME = AppIcon;
				ASSETCATALOG_COMPILER_GLOBAL_ACCENT_COLOR_NAME = AccentColor;
				CODE_SIGN_STYLE = Automatic;
				CURRENT_PROJECT_VERSION = 1;
				DEVELOPMENT_ASSET_PATHS = "\"Assignment3/Preview Content\"";
				DEVELOPMENT_TEAM = 677472YA6F;
				ENABLE_PREVIEWS = YES;
				GENERATE_INFOPLIST_FILE = YES;
				INFOPLIST_FILE = Assignment3/Info.plist;
				INFOPLIST_KEY_CFBundleDisplayName = "Split Mate";
				INFOPLIST_KEY_LSApplicationCategoryType = "public.app-category.finance";
				INFOPLIST_KEY_UIApplicationSceneManifest_Generation = YES;
				INFOPLIST_KEY_UIApplicationSupportsIndirectInputEvents = YES;
				INFOPLIST_KEY_UILaunchScreen_Generation = YES;
				INFOPLIST_KEY_UIStatusBarStyle = "";
				INFOPLIST_KEY_UISupportedInterfaceOrientations_iPad = "UIInterfaceOrientationPortrait UIInterfaceOrientationPortraitUpsideDown UIInterfaceOrientationLandscapeLeft UIInterfaceOrientationLandscapeRight";
				INFOPLIST_KEY_UISupportedInterfaceOrientations_iPhone = "UIInterfaceOrientationPortrait UIInterfaceOrientationLandscapeLeft UIInterfaceOrientationLandscapeRight";
				LD_RUNPATH_SEARCH_PATHS = (
					"$(inherited)",
					"@executable_path/Frameworks",
				);
				MARKETING_VERSION = 1.0;
				PRODUCT_BUNDLE_IDENTIFIER = com.appdev41889.Assignment3;
				PRODUCT_NAME = "$(TARGET_NAME)";
				SWIFT_EMIT_LOC_STRINGS = YES;
				SWIFT_VERSION = 5.0;
				TARGETED_DEVICE_FAMILY = "1,2";
			};
			name = Debug;
		};
		9BA63B002A0A184300CE3AA8 /* Release */ = {
			isa = XCBuildConfiguration;
			buildSettings = {
				ASSETCATALOG_COMPILER_APPICON_NAME = AppIcon;
				ASSETCATALOG_COMPILER_GLOBAL_ACCENT_COLOR_NAME = AccentColor;
				CODE_SIGN_STYLE = Automatic;
				CURRENT_PROJECT_VERSION = 1;
				DEVELOPMENT_ASSET_PATHS = "\"Assignment3/Preview Content\"";
				DEVELOPMENT_TEAM = 677472YA6F;
				ENABLE_PREVIEWS = YES;
				GENERATE_INFOPLIST_FILE = YES;
				INFOPLIST_FILE = Assignment3/Info.plist;
				INFOPLIST_KEY_CFBundleDisplayName = "Split Mate";
				INFOPLIST_KEY_LSApplicationCategoryType = "public.app-category.finance";
				INFOPLIST_KEY_UIApplicationSceneManifest_Generation = YES;
				INFOPLIST_KEY_UIApplicationSupportsIndirectInputEvents = YES;
				INFOPLIST_KEY_UILaunchScreen_Generation = YES;
				INFOPLIST_KEY_UIStatusBarStyle = "";
				INFOPLIST_KEY_UISupportedInterfaceOrientations_iPad = "UIInterfaceOrientationPortrait UIInterfaceOrientationPortraitUpsideDown UIInterfaceOrientationLandscapeLeft UIInterfaceOrientationLandscapeRight";
				INFOPLIST_KEY_UISupportedInterfaceOrientations_iPhone = "UIInterfaceOrientationPortrait UIInterfaceOrientationLandscapeLeft UIInterfaceOrientationLandscapeRight";
				LD_RUNPATH_SEARCH_PATHS = (
					"$(inherited)",
					"@executable_path/Frameworks",
				);
				MARKETING_VERSION = 1.0;
				PRODUCT_BUNDLE_IDENTIFIER = com.appdev41889.Assignment3;
				PRODUCT_NAME = "$(TARGET_NAME)";
				SWIFT_EMIT_LOC_STRINGS = YES;
				SWIFT_VERSION = 5.0;
				TARGETED_DEVICE_FAMILY = "1,2";
			};
			name = Release;
		};
/* End XCBuildConfiguration section */

/* Begin XCConfigurationList section */
		9BA63AEB2A0A184200CE3AA8 /* Build configuration list for PBXProject "Assignment3" */ = {
			isa = XCConfigurationList;
			buildConfigurations = (
				9BA63AFC2A0A184300CE3AA8 /* Debug */,
				9BA63AFD2A0A184300CE3AA8 /* Release */,
			);
			defaultConfigurationIsVisible = 0;
			defaultConfigurationName = Release;
		};
		9BA63AFE2A0A184300CE3AA8 /* Build configuration list for PBXNativeTarget "Split Mate" */ = {
			isa = XCConfigurationList;
			buildConfigurations = (
				9BA63AFF2A0A184300CE3AA8 /* Debug */,
				9BA63B002A0A184300CE3AA8 /* Release */,
			);
			defaultConfigurationIsVisible = 0;
			defaultConfigurationName = Release;
		};
/* End XCConfigurationList section */

/* Begin XCRemoteSwiftPackageReference section */
		9B52718A2A0D09C500043141 /* XCRemoteSwiftPackageReference "firebase-ios-sdk" */ = {
			isa = XCRemoteSwiftPackageReference;
			repositoryURL = "https://github.com/firebase/firebase-ios-sdk";
			requirement = {
				kind = upToNextMajorVersion;
				minimumVersion = 10.0.0;
			};
		};
		9BA63B012A0A35A500CE3AA8 /* XCRemoteSwiftPackageReference "GoogleSignIn-iOS" */ = {
			isa = XCRemoteSwiftPackageReference;
			repositoryURL = "https://github.com/google/GoogleSignIn-iOS";
			requirement = {
				kind = upToNextMajorVersion;
				minimumVersion = 7.0.0;
			};
		};
		9BC24CD82A0F38B300DC61F3 /* XCRemoteSwiftPackageReference "Fakery" */ = {
			isa = XCRemoteSwiftPackageReference;
			repositoryURL = "https://github.com/vadymmarkov/Fakery.git";
			requirement = {
				kind = upToNextMajorVersion;
				minimumVersion = 5.0.0;
			};
		};
		9BCA9ACA2A0E5F4B004A9252 /* XCRemoteSwiftPackageReference "shiny" */ = {
			isa = XCRemoteSwiftPackageReference;
			repositoryURL = "https://github.com/maustinstar/shiny";
			requirement = {
				branch = master;
				kind = branch;
			};
		};
/* End XCRemoteSwiftPackageReference section */

/* Begin XCSwiftPackageProductDependency section */
		9B52718B2A0D09C500043141 /* FirebaseAnalytics */ = {
			isa = XCSwiftPackageProductDependency;
			package = 9B52718A2A0D09C500043141 /* XCRemoteSwiftPackageReference "firebase-ios-sdk" */;
			productName = FirebaseAnalytics;
		};
		9B52718D2A0D09C500043141 /* FirebaseAnalyticsSwift */ = {
			isa = XCSwiftPackageProductDependency;
			package = 9B52718A2A0D09C500043141 /* XCRemoteSwiftPackageReference "firebase-ios-sdk" */;
			productName = FirebaseAnalyticsSwift;
		};
		9B5271902A0DC8D700043141 /* FirebaseAuth */ = {
			isa = XCSwiftPackageProductDependency;
			package = 9B52718A2A0D09C500043141 /* XCRemoteSwiftPackageReference "firebase-ios-sdk" */;
			productName = FirebaseAuth;
		};
		9BA63B022A0A35A600CE3AA8 /* GoogleSignIn */ = {
			isa = XCSwiftPackageProductDependency;
			package = 9BA63B012A0A35A500CE3AA8 /* XCRemoteSwiftPackageReference "GoogleSignIn-iOS" */;
			productName = GoogleSignIn;
		};
		9BA63B042A0A35A600CE3AA8 /* GoogleSignInSwift */ = {
			isa = XCSwiftPackageProductDependency;
			package = 9BA63B012A0A35A500CE3AA8 /* XCRemoteSwiftPackageReference "GoogleSignIn-iOS" */;
			productName = GoogleSignInSwift;
		};
		9BAF45172A0FACB4005C864B /* FirebaseFirestore */ = {
			isa = XCSwiftPackageProductDependency;
			package = 9B52718A2A0D09C500043141 /* XCRemoteSwiftPackageReference "firebase-ios-sdk" */;
			productName = FirebaseFirestore;
		};
		9BAF45192A0FACB4005C864B /* FirebaseFirestoreSwift */ = {
			isa = XCSwiftPackageProductDependency;
			package = 9B52718A2A0D09C500043141 /* XCRemoteSwiftPackageReference "firebase-ios-sdk" */;
			productName = FirebaseFirestoreSwift;
		};
		9BC24CD92A0F38B300DC61F3 /* Fakery */ = {
			isa = XCSwiftPackageProductDependency;
			package = 9BC24CD82A0F38B300DC61F3 /* XCRemoteSwiftPackageReference "Fakery" */;
			productName = Fakery;
		};
/* End XCSwiftPackageProductDependency section */
	};
	rootObject = 9BA63AE82A0A184200CE3AA8 /* Project object */;
}
